
Microsoft Visual Studio Solution File, Format Version 12.00
# Visual Studio Version 17
VisualStudioVersion = 17.4.33205.214
MinimumVisualStudioVersion = 10.0.40219.1
Project("{FAE04EC0-301F-11D3-BF4B-00C04F79EFBC}") = "TechExam2", "TechExam2\TechExam2.csproj", "{602D4BD5-0056-49DE-AD11-756D11AB1633}"
EndProject
Global
	GlobalSection(SolutionConfigurationPlatforms) = preSolution
		Debug|Any CPU = Debug|Any CPU
		Release|Any CPU = Release|Any CPU
	EndGlobalSection
	GlobalSection(ProjectConfigurationPlatforms) = postSolution
		{602D4BD5-0056-49DE-AD11-756D11AB1633}.Debug|Any CPU.ActiveCfg = Debug|Any CPU
		{602D4BD5-0056-49DE-AD11-756D11AB1633}.Debug|Any CPU.Build.0 = Debug|Any CPU
		{602D4BD5-0056-49DE-AD11-756D11AB1633}.Release|Any CPU.ActiveCfg = Release|Any CPU
		{602D4BD5-0056-49DE-AD11-756D11AB1633}.Release|Any CPU.Build.0 = Release|Any CPU
	EndGlobalSection
	GlobalSection(SolutionProperties) = preSolution
		HideSolutionNode = FALSE
	EndGlobalSection
	GlobalSection(ExtensibilityGlobals) = postSolution
		SolutionGuid = {EA2AE5C0-0A80-4D4B-A8BD-34206C90AD57}
	EndGlobalSection
EndGlobal
