
Microsoft Visual Studio Solution File, Format Version 12.00
# Visual Studio Version 17
VisualStudioVersion = 17.4.33205.214
MinimumVisualStudioVersion = 10.0.40219.1
Project("{FAE04EC0-301F-11D3-BF4B-00C04F79EFBC}") = "TechExam1", "TechExam1\TechExam1.csproj", "{AB54B720-1EFA-4E3C-996D-0D3D1A5ED9AD}"
EndProject
Global
	GlobalSection(SolutionConfigurationPlatforms) = preSolution
		Debug|Any CPU = Debug|Any CPU
		Release|Any CPU = Release|Any CPU
	EndGlobalSection
	GlobalSection(ProjectConfigurationPlatforms) = postSolution
		{AB54B720-1EFA-4E3C-996D-0D3D1A5ED9AD}.Debug|Any CPU.ActiveCfg = Debug|Any CPU
		{AB54B720-1EFA-4E3C-996D-0D3D1A5ED9AD}.Debug|Any CPU.Build.0 = Debug|Any CPU
		{AB54B720-1EFA-4E3C-996D-0D3D1A5ED9AD}.Release|Any CPU.ActiveCfg = Release|Any CPU
		{AB54B720-1EFA-4E3C-996D-0D3D1A5ED9AD}.Release|Any CPU.Build.0 = Release|Any CPU
	EndGlobalSection
	GlobalSection(SolutionProperties) = preSolution
		HideSolutionNode = FALSE
	EndGlobalSection
	GlobalSection(ExtensibilityGlobals) = postSolution
		SolutionGuid = {31C3CC48-AD37-488A-A337-810369D15E5C}
	EndGlobalSection
EndGlobal
